
Microsoft Visual Studio Solution File, Format Version 12.00
# Visual Studio 14
VisualStudioVersion = 14.0.23107.0
MinimumVisualStudioVersion = 10.0.40219.1
Project("{FAE04EC0-301F-11D3-BF4B-00C04F79EFBC}") = "MsSql", "MsSql\MsSql.csproj", "{C432B8F1-1C5F-4006-A956-68513CE534A0}"
EndProject
Project("{FAE04EC0-301F-11D3-BF4B-00C04F79EFBC}") = "OleDB", "OleDB\OleDB.csproj", "{078581D5-D2B6-4069-9703-E95EAF036872}"
EndProject
Project("{FAE04EC0-301F-11D3-BF4B-00C04F79EFBC}") = "MySql", "MySql\MySql.csproj", "{5826E177-17ED-4889-A1A6-4A583A1D714C}"
EndProject
Project("{FAE04EC0-301F-11D3-BF4B-00C04F79EFBC}") = "SQLite", "SQLite\SQLite.csproj", "{CFA592D1-831E-49E9-996E-DEA5C28818A4}"
EndProject
Global
	GlobalSection(SolutionConfigurationPlatforms) = preSolution
		Debug|Any CPU = Debug|Any CPU
		Release|Any CPU = Release|Any CPU
	EndGlobalSection
	GlobalSection(ProjectConfigurationPlatforms) = postSolution
		{C432B8F1-1C5F-4006-A956-68513CE534A0}.Debug|Any CPU.ActiveCfg = Debug|Any CPU
		{C432B8F1-1C5F-4006-A956-68513CE534A0}.Debug|Any CPU.Build.0 = Debug|Any CPU
		{C432B8F1-1C5F-4006-A956-68513CE534A0}.Release|Any CPU.ActiveCfg = Release|Any CPU
		{C432B8F1-1C5F-4006-A956-68513CE534A0}.Release|Any CPU.Build.0 = Release|Any CPU
		{078581D5-D2B6-4069-9703-E95EAF036872}.Debug|Any CPU.ActiveCfg = Debug|Any CPU
		{078581D5-D2B6-4069-9703-E95EAF036872}.Debug|Any CPU.Build.0 = Debug|Any CPU
		{078581D5-D2B6-4069-9703-E95EAF036872}.Release|Any CPU.ActiveCfg = Release|Any CPU
		{078581D5-D2B6-4069-9703-E95EAF036872}.Release|Any CPU.Build.0 = Release|Any CPU
		{5826E177-17ED-4889-A1A6-4A583A1D714C}.Debug|Any CPU.ActiveCfg = Debug|Any CPU
		{5826E177-17ED-4889-A1A6-4A583A1D714C}.Debug|Any CPU.Build.0 = Debug|Any CPU
		{5826E177-17ED-4889-A1A6-4A583A1D714C}.Release|Any CPU.ActiveCfg = Release|Any CPU
		{5826E177-17ED-4889-A1A6-4A583A1D714C}.Release|Any CPU.Build.0 = Release|Any CPU
		{CFA592D1-831E-49E9-996E-DEA5C28818A4}.Debug|Any CPU.ActiveCfg = Debug|Any CPU
		{CFA592D1-831E-49E9-996E-DEA5C28818A4}.Debug|Any CPU.Build.0 = Debug|Any CPU
		{CFA592D1-831E-49E9-996E-DEA5C28818A4}.Release|Any CPU.ActiveCfg = Release|Any CPU
		{CFA592D1-831E-49E9-996E-DEA5C28818A4}.Release|Any CPU.Build.0 = Release|Any CPU
	EndGlobalSection
	GlobalSection(SolutionProperties) = preSolution
		HideSolutionNode = FALSE
	EndGlobalSection
EndGlobal
